// !$*UTF8*$!
{
	archiveVersion = 1;
	classes = {
	};
	objectVersion = 77;
	objects = {

/* Begin PBXBuildFile section */
		EC4362962DDDBB260000F159 /* C4Rules.xcframework in Frameworks */ = {isa = PBXBuildFile; fileRef = EC4362922DDDBB260000F159 /* C4Rules.xcframework */; };
		EC4362972DDDBB260000F159 /* C4Rules.xcframework in Embed Frameworks */ = {isa = PBXBuildFile; fileRef = EC4362922DDDBB260000F159 /* C4Rules.xcframework */; settings = {ATTRIBUTES = (CodeSignOnCopy, RemoveHeadersOnCopy, ); }; };
		EC4362982DDDBB260000F159 /* C4.xcframework in Frameworks */ = {isa = PBXBuildFile; fileRef = EC4362932DDDBB260000F159 /* C4.xcframework */; };
		EC4362992DDDBB260000F159 /* C4.xcframework in Embed Frameworks */ = {isa = PBXBuildFile; fileRef = EC4362932DDDBB260000F159 /* C4.xcframework */; settings = {ATTRIBUTES = (CodeSignOnCopy, RemoveHeadersOnCopy, ); }; };
		EC43629A2DDDBB260000F159 /* C4Players.xcframework in Frameworks */ = {isa = PBXBuildFile; fileRef = EC4362942DDDBB260000F159 /* C4Players.xcframework */; };
		EC43629B2DDDBB260000F159 /* C4Players.xcframework in Embed Frameworks */ = {isa = PBXBuildFile; fileRef = EC4362942DDDBB260000F159 /* C4Players.xcframework */; settings = {ATTRIBUTES = (CodeSignOnCopy, RemoveHeadersOnCopy, ); }; };
		EC43629C2DDDBB260000F159 /* C4Persistance.xcframework in Frameworks */ = {isa = PBXBuildFile; fileRef = EC4362952DDDBB260000F159 /* C4Persistance.xcframework */; };
		EC43629D2DDDBB260000F159 /* C4Persistance.xcframework in Embed Frameworks */ = {isa = PBXBuildFile; fileRef = EC4362952DDDBB260000F159 /* C4Persistance.xcframework */; settings = {ATTRIBUTES = (CodeSignOnCopy, RemoveHeadersOnCopy, ); }; };
		EC4362D02DDF105E0000F159 /* Extensions.framework in Frameworks */ = {isa = PBXBuildFile; fileRef = EC4362CF2DDF105E0000F159 /* Extensions.framework */; };
		EC4362D12DDF105E0000F159 /* Extensions.framework in Embed Frameworks */ = {isa = PBXBuildFile; fileRef = EC4362CF2DDF105E0000F159 /* Extensions.framework */; settings = {ATTRIBUTES = (CodeSignOnCopy, RemoveHeadersOnCopy, ); }; };
		EC956D432DD47004006B7F69 /* Localizable.xcstrings in Resources */ = {isa = PBXBuildFile; fileRef = EC956D422DD47004006B7F69 /* Localizable.xcstrings */; };
/* End PBXBuildFile section */

/* Begin PBXContainerItemProxy section */
		EC956D262DD46E43006B7F69 /* PBXContainerItemProxy */ = {
			isa = PBXContainerItemProxy;
			containerPortal = EC956D0C2DD46E42006B7F69 /* Project object */;
			proxyType = 1;
			remoteGlobalIDString = EC956D132DD46E42006B7F69;
			remoteInfo = swift_UI;
		};
		EC956D302DD46E43006B7F69 /* PBXContainerItemProxy */ = {
			isa = PBXContainerItemProxy;
			containerPortal = EC956D0C2DD46E42006B7F69 /* Project object */;
			proxyType = 1;
			remoteGlobalIDString = EC956D132DD46E42006B7F69;
			remoteInfo = swift_UI;
		};
/* End PBXContainerItemProxy section */

/* Begin PBXCopyFilesBuildPhase section */
		EC43629E2DDDBB260000F159 /* Embed Frameworks */ = {
			isa = PBXCopyFilesBuildPhase;
			buildActionMask = 2147483647;
			dstPath = "";
			dstSubfolderSpec = 10;
			files = (
				EC43629D2DDDBB260000F159 /* C4Persistance.xcframework in Embed Frameworks */,
				EC4362992DDDBB260000F159 /* C4.xcframework in Embed Frameworks */,
				EC43629B2DDDBB260000F159 /* C4Players.xcframework in Embed Frameworks */,
				EC4362972DDDBB260000F159 /* C4Rules.xcframework in Embed Frameworks */,
				EC4362D12DDF105E0000F159 /* Extensions.framework in Embed Frameworks */,
			);
			name = "Embed Frameworks";
			runOnlyForDeploymentPostprocessing = 0;
		};
/* End PBXCopyFilesBuildPhase section */

/* Begin PBXFileReference section */
		EC4362852DDDBA470000F159 /* C4Players.xcframework */ = {isa = PBXFileReference; lastKnownFileType = wrapper.xcframework; name = C4Players.xcframework; path = ../../Connect4_SwiftUI/xcframeworks/C4Players.xcframework; sourceTree = "<group>"; };
		EC4362862DDDBA470000F159 /* C4Persistance.xcframework */ = {isa = PBXFileReference; lastKnownFileType = wrapper.xcframework; name = C4Persistance.xcframework; path = ../../Connect4_SwiftUI/xcframeworks/C4Persistance.xcframework; sourceTree = "<group>"; };
		EC4362872DDDBA470000F159 /* C4.xcframework */ = {isa = PBXFileReference; lastKnownFileType = wrapper.xcframework; name = C4.xcframework; path = ../../Connect4_SwiftUI/xcframeworks/C4.xcframework; sourceTree = "<group>"; };
		EC4362882DDDBA470000F159 /* C4Rules.xcframework */ = {isa = PBXFileReference; lastKnownFileType = wrapper.xcframework; name = C4Rules.xcframework; path = ../../Connect4_SwiftUI/xcframeworks/C4Rules.xcframework; sourceTree = "<group>"; };
		EC4362922DDDBB260000F159 /* C4Rules.xcframework */ = {isa = PBXFileReference; lastKnownFileType = wrapper.xcframework; name = C4Rules.xcframework; path = ../../../Downloads/connect4_swiftui/xcframeworks/C4Rules.xcframework; sourceTree = "<group>"; };
		EC4362932DDDBB260000F159 /* C4.xcframework */ = {isa = PBXFileReference; lastKnownFileType = wrapper.xcframework; name = C4.xcframework; path = ../../../Downloads/connect4_swiftui/xcframeworks/C4.xcframework; sourceTree = "<group>"; };
		EC4362942DDDBB260000F159 /* C4Players.xcframework */ = {isa = PBXFileReference; lastKnownFileType = wrapper.xcframework; name = C4Players.xcframework; path = ../../../Downloads/connect4_swiftui/xcframeworks/C4Players.xcframework; sourceTree = "<group>"; };
		EC4362952DDDBB260000F159 /* C4Persistance.xcframework */ = {isa = PBXFileReference; lastKnownFileType = wrapper.xcframework; name = C4Persistance.xcframework; path = ../../../Downloads/connect4_swiftui/xcframeworks/C4Persistance.xcframework; sourceTree = "<group>"; };
		EC4362CF2DDF105E0000F159 /* Extensions.framework */ = {isa = PBXFileReference; explicitFileType = wrapper.framework; path = Extensions.framework; sourceTree = BUILT_PRODUCTS_DIR; };
		EC956D142DD46E42006B7F69 /* swift_UI.app */ = {isa = PBXFileReference; explicitFileType = wrapper.application; includeInIndex = 0; path = swift_UI.app; sourceTree = BUILT_PRODUCTS_DIR; };
		EC956D252DD46E43006B7F69 /* swift_UITests.xctest */ = {isa = PBXFileReference; explicitFileType = wrapper.cfbundle; includeInIndex = 0; path = swift_UITests.xctest; sourceTree = BUILT_PRODUCTS_DIR; };
		EC956D2F2DD46E43006B7F69 /* swift_UIUITests.xctest */ = {isa = PBXFileReference; explicitFileType = wrapper.cfbundle; includeInIndex = 0; path = swift_UIUITests.xctest; sourceTree = BUILT_PRODUCTS_DIR; };
		EC956D422DD47004006B7F69 /* Localizable.xcstrings */ = {isa = PBXFileReference; lastKnownFileType = text.json.xcstrings; path = Localizable.xcstrings; sourceTree = "<group>"; };
/* End PBXFileReference section */

/* Begin PBXFileSystemSynchronizedRootGroup section */
		EC4362322DDB07260000F159 /* font */ = {
			isa = PBXFileSystemSynchronizedRootGroup;
			path = font;
			sourceTree = "<group>";
		};
		EC956D162DD46E42006B7F69 /* swift_UI */ = {
			isa = PBXFileSystemSynchronizedRootGroup;
			path = swift_UI;
			sourceTree = "<group>";
		};
		EC956D282DD46E43006B7F69 /* swift_UITests */ = {
			isa = PBXFileSystemSynchronizedRootGroup;
			path = swift_UITests;
			sourceTree = "<group>";
		};
		EC956D322DD46E43006B7F69 /* swift_UIUITests */ = {
			isa = PBXFileSystemSynchronizedRootGroup;
			path = swift_UIUITests;
			sourceTree = "<group>";
		};
/* End PBXFileSystemSynchronizedRootGroup section */

/* Begin PBXFrameworksBuildPhase section */
		EC956D112DD46E42006B7F69 /* Frameworks */ = {
			isa = PBXFrameworksBuildPhase;
			buildActionMask = 2147483647;
			files = (
				EC43629C2DDDBB260000F159 /* C4Persistance.xcframework in Frameworks */,
				EC4362982DDDBB260000F159 /* C4.xcframework in Frameworks */,
				EC43629A2DDDBB260000F159 /* C4Players.xcframework in Frameworks */,
				EC4362962DDDBB260000F159 /* C4Rules.xcframework in Frameworks */,
				EC4362D02DDF105E0000F159 /* Extensions.framework in Frameworks */,
			);
			runOnlyForDeploymentPostprocessing = 0;
		};
		EC956D222DD46E43006B7F69 /* Frameworks */ = {
			isa = PBXFrameworksBuildPhase;
			buildActionMask = 2147483647;
			files = (
			);
			runOnlyForDeploymentPostprocessing = 0;
		};
		EC956D2C2DD46E43006B7F69 /* Frameworks */ = {
			isa = PBXFrameworksBuildPhase;
			buildActionMask = 2147483647;
			files = (
			);
			runOnlyForDeploymentPostprocessing = 0;
		};
/* End PBXFrameworksBuildPhase section */

/* Begin PBXGroup section */
		EC4362842DDDBA470000F159 /* Frameworks */ = {
			isa = PBXGroup;
			children = (
				EC4362CF2DDF105E0000F159 /* Extensions.framework */,
				EC4362932DDDBB260000F159 /* C4.xcframework */,
				EC4362952DDDBB260000F159 /* C4Persistance.xcframework */,
				EC4362942DDDBB260000F159 /* C4Players.xcframework */,
				EC4362922DDDBB260000F159 /* C4Rules.xcframework */,
				EC4362872DDDBA470000F159 /* C4.xcframework */,
				EC4362862DDDBA470000F159 /* C4Persistance.xcframework */,
				EC4362852DDDBA470000F159 /* C4Players.xcframework */,
				EC4362882DDDBA470000F159 /* C4Rules.xcframework */,
			);
			name = Frameworks;
			sourceTree = "<group>";
		};
		EC956D0B2DD46E42006B7F69 = {
			isa = PBXGroup;
			children = (
				EC4362322DDB07260000F159 /* font */,
				EC956D422DD47004006B7F69 /* Localizable.xcstrings */,
				EC956D162DD46E42006B7F69 /* swift_UI */,
				EC956D282DD46E43006B7F69 /* swift_UITests */,
				EC956D322DD46E43006B7F69 /* swift_UIUITests */,
				EC4362842DDDBA470000F159 /* Frameworks */,
				EC956D152DD46E42006B7F69 /* Products */,
			);
			sourceTree = "<group>";
		};
		EC956D152DD46E42006B7F69 /* Products */ = {
			isa = PBXGroup;
			children = (
				EC956D142DD46E42006B7F69 /* swift_UI.app */,
				EC956D252DD46E43006B7F69 /* swift_UITests.xctest */,
				EC956D2F2DD46E43006B7F69 /* swift_UIUITests.xctest */,
			);
			name = Products;
			sourceTree = "<group>";
		};
/* End PBXGroup section */

/* Begin PBXNativeTarget section */
		EC956D132DD46E42006B7F69 /* swift_UI */ = {
			isa = PBXNativeTarget;
			buildConfigurationList = EC956D392DD46E43006B7F69 /* Build configuration list for PBXNativeTarget "swift_UI" */;
			buildPhases = (
				EC956D102DD46E42006B7F69 /* Sources */,
				EC956D112DD46E42006B7F69 /* Frameworks */,
				EC956D122DD46E42006B7F69 /* Resources */,
				EC43629E2DDDBB260000F159 /* Embed Frameworks */,
			);
			buildRules = (
			);
			dependencies = (
			);
			fileSystemSynchronizedGroups = (
				EC4362322DDB07260000F159 /* font */,
				EC956D162DD46E42006B7F69 /* swift_UI */,
			);
			name = swift_UI;
			packageProductDependencies = (
			);
			productName = swift_UI;
			productReference = EC956D142DD46E42006B7F69 /* swift_UI.app */;
			productType = "com.apple.product-type.application";
		};
		EC956D242DD46E43006B7F69 /* swift_UITests */ = {
			isa = PBXNativeTarget;
			buildConfigurationList = EC956D3C2DD46E43006B7F69 /* Build configuration list for PBXNativeTarget "swift_UITests" */;
			buildPhases = (
				EC956D212DD46E43006B7F69 /* Sources */,
				EC956D222DD46E43006B7F69 /* Frameworks */,
				EC956D232DD46E43006B7F69 /* Resources */,
			);
			buildRules = (
			);
			dependencies = (
				EC956D272DD46E43006B7F69 /* PBXTargetDependency */,
			);
			fileSystemSynchronizedGroups = (
				EC956D282DD46E43006B7F69 /* swift_UITests */,
			);
			name = swift_UITests;
			packageProductDependencies = (
			);
			productName = swift_UITests;
			productReference = EC956D252DD46E43006B7F69 /* swift_UITests.xctest */;
			productType = "com.apple.product-type.bundle.unit-test";
		};
		EC956D2E2DD46E43006B7F69 /* swift_UIUITests */ = {
			isa = PBXNativeTarget;
			buildConfigurationList = EC956D3F2DD46E43006B7F69 /* Build configuration list for PBXNativeTarget "swift_UIUITests" */;
			buildPhases = (
				EC956D2B2DD46E43006B7F69 /* Sources */,
				EC956D2C2DD46E43006B7F69 /* Frameworks */,
				EC956D2D2DD46E43006B7F69 /* Resources */,
			);
			buildRules = (
			);
			dependencies = (
				EC956D312DD46E43006B7F69 /* PBXTargetDependency */,
			);
			fileSystemSynchronizedGroups = (
				EC956D322DD46E43006B7F69 /* swift_UIUITests */,
			);
			name = swift_UIUITests;
			packageProductDependencies = (
			);
			productName = swift_UIUITests;
			productReference = EC956D2F2DD46E43006B7F69 /* swift_UIUITests.xctest */;
			productType = "com.apple.product-type.bundle.ui-testing";
		};
/* End PBXNativeTarget section */

/* Begin PBXProject section */
		EC956D0C2DD46E42006B7F69 /* Project object */ = {
			isa = PBXProject;
			attributes = {
				BuildIndependentTargetsInParallel = 1;
				LastSwiftUpdateCheck = 1620;
				LastUpgradeCheck = 1620;
				TargetAttributes = {
					EC956D132DD46E42006B7F69 = {
						CreatedOnToolsVersion = 16.2;
					};
					EC956D242DD46E43006B7F69 = {
						CreatedOnToolsVersion = 16.2;
						TestTargetID = EC956D132DD46E42006B7F69;
					};
					EC956D2E2DD46E43006B7F69 = {
						CreatedOnToolsVersion = 16.2;
						TestTargetID = EC956D132DD46E42006B7F69;
					};
				};
			};
			buildConfigurationList = EC956D0F2DD46E42006B7F69 /* Build configuration list for PBXProject "swift_UI" */;
			developmentRegion = en;
			hasScannedForEncodings = 0;
			knownRegions = (
				en,
				Base,
			);
			mainGroup = EC956D0B2DD46E42006B7F69;
			minimizedProjectReferenceProxies = 1;
			preferredProjectObjectVersion = 77;
			productRefGroup = EC956D152DD46E42006B7F69 /* Products */;
			projectDirPath = "";
			projectRoot = "";
			targets = (
				EC956D132DD46E42006B7F69 /* swift_UI */,
				EC956D242DD46E43006B7F69 /* swift_UITests */,
				EC956D2E2DD46E43006B7F69 /* swift_UIUITests */,
			);
		};
/* End PBXProject section */

/* Begin PBXResourcesBuildPhase section */
		EC956D122DD46E42006B7F69 /* Resources */ = {
			isa = PBXResourcesBuildPhase;
			buildActionMask = 2147483647;
			files = (
				EC956D432DD47004006B7F69 /* Localizable.xcstrings in Resources */,
			);
			runOnlyForDeploymentPostprocessing = 0;
		};
		EC956D232DD46E43006B7F69 /* Resources */ = {
			isa = PBXResourcesBuildPhase;
			buildActionMask = 2147483647;
			files = (
			);
			runOnlyForDeploymentPostprocessing = 0;
		};
		EC956D2D2DD46E43006B7F69 /* Resources */ = {
			isa = PBXResourcesBuildPhase;
			buildActionMask = 2147483647;
			files = (
			);
			runOnlyForDeploymentPostprocessing = 0;
		};
/* End PBXResourcesBuildPhase section */

/* Begin PBXSourcesBuildPhase section */
		EC956D102DD46E42006B7F69 /* Sources */ = {
			isa = PBXSourcesBuildPhase;
			buildActionMask = 2147483647;
			files = (
			);
			runOnlyForDeploymentPostprocessing = 0;
		};
		EC956D212DD46E43006B7F69 /* Sources */ = {
			isa = PBXSourcesBuildPhase;
			buildActionMask = 2147483647;
			files = (
			);
			runOnlyForDeploymentPostprocessing = 0;
		};
		EC956D2B2DD46E43006B7F69 /* Sources */ = {
			isa = PBXSourcesBuildPhase;
			buildActionMask = 2147483647;
			files = (
			);
			runOnlyForDeploymentPostprocessing = 0;
		};
/* End PBXSourcesBuildPhase section */

/* Begin PBXTargetDependency section */
		EC956D272DD46E43006B7F69 /* PBXTargetDependency */ = {
			isa = PBXTargetDependency;
			target = EC956D132DD46E42006B7F69 /* swift_UI */;
			targetProxy = EC956D262DD46E43006B7F69 /* PBXContainerItemProxy */;
		};
		EC956D312DD46E43006B7F69 /* PBXTargetDependency */ = {
			isa = PBXTargetDependency;
			target = EC956D132DD46E42006B7F69 /* swift_UI */;
			targetProxy = EC956D302DD46E43006B7F69 /* PBXContainerItemProxy */;
		};
/* End PBXTargetDependency section */

/* Begin XCBuildConfiguration section */
		EC956D372DD46E43006B7F69 /* Debug */ = {
			isa = XCBuildConfiguration;
			buildSettings = {
				ALWAYS_SEARCH_USER_PATHS = NO;
				ASSETCATALOG_COMPILER_GENERATE_SWIFT_ASSET_SYMBOL_EXTENSIONS = YES;
				CLANG_ANALYZER_NONNULL = YES;
				CLANG_ANALYZER_NUMBER_OBJECT_CONVERSION = YES_AGGRESSIVE;
				CLANG_CXX_LANGUAGE_STANDARD = "gnu++20";
				CLANG_ENABLE_MODULES = YES;
				CLANG_ENABLE_OBJC_ARC = YES;
				CLANG_ENABLE_OBJC_WEAK = YES;
				CLANG_WARN_BLOCK_CAPTURE_AUTORELEASING = YES;
				CLANG_WARN_BOOL_CONVERSION = YES;
				CLANG_WARN_COMMA = YES;
				CLANG_WARN_CONSTANT_CONVERSION = YES;
				CLANG_WARN_DEPRECATED_OBJC_IMPLEMENTATIONS = YES;
				CLANG_WARN_DIRECT_OBJC_ISA_USAGE = YES_ERROR;
				CLANG_WARN_DOCUMENTATION_COMMENTS = YES;
				CLANG_WARN_EMPTY_BODY = YES;
				CLANG_WARN_ENUM_CONVERSION = YES;
				CLANG_WARN_INFINITE_RECURSION = YES;
				CLANG_WARN_INT_CONVERSION = YES;
				CLANG_WARN_NON_LITERAL_NULL_CONVERSION = YES;
				CLANG_WARN_OBJC_IMPLICIT_RETAIN_SELF = YES;
				CLANG_WARN_OBJC_LITERAL_CONVERSION = YES;
				CLANG_WARN_OBJC_ROOT_CLASS = YES_ERROR;
				CLANG_WARN_QUOTED_INCLUDE_IN_FRAMEWORK_HEADER = YES;
				CLANG_WARN_RANGE_LOOP_ANALYSIS = YES;
				CLANG_WARN_STRICT_PROTOTYPES = YES;
				CLANG_WARN_SUSPICIOUS_MOVE = YES;
				CLANG_WARN_UNGUARDED_AVAILABILITY = YES_AGGRESSIVE;
				CLANG_WARN_UNREACHABLE_CODE = YES;
				CLANG_WARN__DUPLICATE_METHOD_MATCH = YES;
				COPY_PHASE_STRIP = NO;
				DEBUG_INFORMATION_FORMAT = dwarf;
				ENABLE_STRICT_OBJC_MSGSEND = YES;
				ENABLE_TESTABILITY = YES;
				ENABLE_USER_SCRIPT_SANDBOXING = YES;
				GCC_C_LANGUAGE_STANDARD = gnu17;
				GCC_DYNAMIC_NO_PIC = NO;
				GCC_NO_COMMON_BLOCKS = YES;
				GCC_OPTIMIZATION_LEVEL = 0;
				GCC_PREPROCESSOR_DEFINITIONS = (
					"DEBUG=1",
					"$(inherited)",
				);
				GCC_WARN_64_TO_32_BIT_CONVERSION = YES;
				GCC_WARN_ABOUT_RETURN_TYPE = YES_ERROR;
				GCC_WARN_UNDECLARED_SELECTOR = YES;
				GCC_WARN_UNINITIALIZED_AUTOS = YES_AGGRESSIVE;
				GCC_WARN_UNUSED_FUNCTION = YES;
				GCC_WARN_UNUSED_VARIABLE = YES;
				LOCALIZATION_PREFERS_STRING_CATALOGS = YES;
				MTL_ENABLE_DEBUG_INFO = INCLUDE_SOURCE;
				MTL_FAST_MATH = YES;
				ONLY_ACTIVE_ARCH = YES;
				SWIFT_ACTIVE_COMPILATION_CONDITIONS = "DEBUG $(inherited)";
				SWIFT_EMIT_LOC_STRINGS = YES;
				SWIFT_OPTIMIZATION_LEVEL = "-Onone";
			};
			name = Debug;
		};
		EC956D382DD46E43006B7F69 /* Release */ = {
			isa = XCBuildConfiguration;
			buildSettings = {
				ALWAYS_SEARCH_USER_PATHS = NO;
				ASSETCATALOG_COMPILER_GENERATE_SWIFT_ASSET_SYMBOL_EXTENSIONS = YES;
				CLANG_ANALYZER_NONNULL = YES;
				CLANG_ANALYZER_NUMBER_OBJECT_CONVERSION = YES_AGGRESSIVE;
				CLANG_CXX_LANGUAGE_STANDARD = "gnu++20";
				CLANG_ENABLE_MODULES = YES;
				CLANG_ENABLE_OBJC_ARC = YES;
				CLANG_ENABLE_OBJC_WEAK = YES;
				CLANG_WARN_BLOCK_CAPTURE_AUTORELEASING = YES;
				CLANG_WARN_BOOL_CONVERSION = YES;
				CLANG_WARN_COMMA = YES;
				CLANG_WARN_CONSTANT_CONVERSION = YES;
				CLANG_WARN_DEPRECATED_OBJC_IMPLEMENTATIONS = YES;
				CLANG_WARN_DIRECT_OBJC_ISA_USAGE = YES_ERROR;
				CLANG_WARN_DOCUMENTATION_COMMENTS = YES;
				CLANG_WARN_EMPTY_BODY = YES;
				CLANG_WARN_ENUM_CONVERSION = YES;
				CLANG_WARN_INFINITE_RECURSION = YES;
				CLANG_WARN_INT_CONVERSION = YES;
				CLANG_WARN_NON_LITERAL_NULL_CONVERSION = YES;
				CLANG_WARN_OBJC_IMPLICIT_RETAIN_SELF = YES;
				CLANG_WARN_OBJC_LITERAL_CONVERSION = YES;
				CLANG_WARN_OBJC_ROOT_CLASS = YES_ERROR;
				CLANG_WARN_QUOTED_INCLUDE_IN_FRAMEWORK_HEADER = YES;
				CLANG_WARN_RANGE_LOOP_ANALYSIS = YES;
				CLANG_WARN_STRICT_PROTOTYPES = YES;
				CLANG_WARN_SUSPICIOUS_MOVE = YES;
				CLANG_WARN_UNGUARDED_AVAILABILITY = YES_AGGRESSIVE;
				CLANG_WARN_UNREACHABLE_CODE = YES;
				CLANG_WARN__DUPLICATE_METHOD_MATCH = YES;
				COPY_PHASE_STRIP = NO;
				DEBUG_INFORMATION_FORMAT = "dwarf-with-dsym";
				ENABLE_NS_ASSERTIONS = NO;
				ENABLE_STRICT_OBJC_MSGSEND = YES;
				ENABLE_USER_SCRIPT_SANDBOXING = YES;
				GCC_C_LANGUAGE_STANDARD = gnu17;
				GCC_NO_COMMON_BLOCKS = YES;
				GCC_WARN_64_TO_32_BIT_CONVERSION = YES;
				GCC_WARN_ABOUT_RETURN_TYPE = YES_ERROR;
				GCC_WARN_UNDECLARED_SELECTOR = YES;
				GCC_WARN_UNINITIALIZED_AUTOS = YES_AGGRESSIVE;
				GCC_WARN_UNUSED_FUNCTION = YES;
				GCC_WARN_UNUSED_VARIABLE = YES;
				LOCALIZATION_PREFERS_STRING_CATALOGS = YES;
				MTL_ENABLE_DEBUG_INFO = NO;
				MTL_FAST_MATH = YES;
				SWIFT_COMPILATION_MODE = wholemodule;
				SWIFT_EMIT_LOC_STRINGS = YES;
			};
			name = Release;
		};
		EC956D3A2DD46E43006B7F69 /* Debug */ = {
			isa = XCBuildConfiguration;
			buildSettings = {
				ASSETCATALOG_COMPILER_APPICON_NAME = AppIcon;
				ASSETCATALOG_COMPILER_GLOBAL_ACCENT_COLOR_NAME = AccentColor;
				CODE_SIGN_ENTITLEMENTS = swift_UI/swift_UI.entitlements;
				CODE_SIGN_STYLE = Automatic;
				CURRENT_PROJECT_VERSION = 1;
				DEVELOPMENT_ASSET_PATHS = "\"swift_UI/Preview Content\"";
				ENABLE_PREVIEWS = YES;
				GENERATE_INFOPLIST_FILE = YES;
				INFOPLIST_FILE = "swift-UI-Info.plist";
				"INFOPLIST_KEY_UIApplicationSceneManifest_Generation[sdk=iphoneos*]" = YES;
				"INFOPLIST_KEY_UIApplicationSceneManifest_Generation[sdk=iphonesimulator*]" = YES;
				"INFOPLIST_KEY_UIApplicationSupportsIndirectInputEvents[sdk=iphoneos*]" = YES;
				"INFOPLIST_KEY_UIApplicationSupportsIndirectInputEvents[sdk=iphonesimulator*]" = YES;
				"INFOPLIST_KEY_UILaunchScreen_Generation[sdk=iphoneos*]" = YES;
				"INFOPLIST_KEY_UILaunchScreen_Generation[sdk=iphonesimulator*]" = YES;
				"INFOPLIST_KEY_UIStatusBarStyle[sdk=iphoneos*]" = UIStatusBarStyleDefault;
				"INFOPLIST_KEY_UIStatusBarStyle[sdk=iphonesimulator*]" = UIStatusBarStyleDefault;
				INFOPLIST_KEY_UISupportedInterfaceOrientations_iPad = "UIInterfaceOrientationPortrait UIInterfaceOrientationPortraitUpsideDown UIInterfaceOrientationLandscapeLeft UIInterfaceOrientationLandscapeRight";
				INFOPLIST_KEY_UISupportedInterfaceOrientations_iPhone = "UIInterfaceOrientationPortrait UIInterfaceOrientationLandscapeLeft UIInterfaceOrientationLandscapeRight";
				IPHONEOS_DEPLOYMENT_TARGET = 18.2;
				LD_RUNPATH_SEARCH_PATHS = "@executable_path/Frameworks";
				"LD_RUNPATH_SEARCH_PATHS[sdk=macosx*]" = "@executable_path/../Frameworks";
				MACOSX_DEPLOYMENT_TARGET = 15.0;
				MARKETING_VERSION = 1.0;
				PRODUCT_BUNDLE_IDENTIFIER = "fr.uca.iut.swift-UI";
				PRODUCT_NAME = "$(TARGET_NAME)";
				SDKROOT = auto;
				SUPPORTED_PLATFORMS = "iphoneos iphonesimulator macosx xros xrsimulator";
				SWIFT_EMIT_LOC_STRINGS = YES;
				SWIFT_VERSION = 5.0;
				TARGETED_DEVICE_FAMILY = "1,2,7";
				XROS_DEPLOYMENT_TARGET = 2.2;
			};
			name = Debug;
		};
		EC956D3B2DD46E43006B7F69 /* Release */ = {
			isa = XCBuildConfiguration;
			buildSettings = {
				ASSETCATALOG_COMPILER_APPICON_NAME = AppIcon;
				ASSETCATALOG_COMPILER_GLOBAL_ACCENT_COLOR_NAME = AccentColor;
				CODE_SIGN_ENTITLEMENTS = swift_UI/swift_UI.entitlements;
				CODE_SIGN_STYLE = Automatic;
				CURRENT_PROJECT_VERSION = 1;
				DEVELOPMENT_ASSET_PATHS = "\"swift_UI/Preview Content\"";
				ENABLE_PREVIEWS = YES;
				GENERATE_INFOPLIST_FILE = YES;
				INFOPLIST_FILE = "swift-UI-Info.plist";
				"INFOPLIST_KEY_UIApplicationSceneManifest_Generation[sdk=iphoneos*]" = YES;
				"INFOPLIST_KEY_UIApplicationSceneManifest_Generation[sdk=iphonesimulator*]" = YES;
				"INFOPLIST_KEY_UIApplicationSupportsIndirectInputEvents[sdk=iphoneos*]" = YES;
				"INFOPLIST_KEY_UIApplicationSupportsIndirectInputEvents[sdk=iphonesimulator*]" = YES;
				"INFOPLIST_KEY_UILaunchScreen_Generation[sdk=iphoneos*]" = YES;
				"INFOPLIST_KEY_UILaunchScreen_Generation[sdk=iphonesimulator*]" = YES;
				"INFOPLIST_KEY_UIStatusBarStyle[sdk=iphoneos*]" = UIStatusBarStyleDefault;
				"INFOPLIST_KEY_UIStatusBarStyle[sdk=iphonesimulator*]" = UIStatusBarStyleDefault;
				INFOPLIST_KEY_UISupportedInterfaceOrientations_iPad = "UIInterfaceOrientationPortrait UIInterfaceOrientationPortraitUpsideDown UIInterfaceOrientationLandscapeLeft UIInterfaceOrientationLandscapeRight";
				INFOPLIST_KEY_UISupportedInterfaceOrientations_iPhone = "UIInterfaceOrientationPortrait UIInterfaceOrientationLandscapeLeft UIInterfaceOrientationLandscapeRight";
				IPHONEOS_DEPLOYMENT_TARGET = 18.2;
				LD_RUNPATH_SEARCH_PATHS = "@executable_path/Frameworks";
				"LD_RUNPATH_SEARCH_PATHS[sdk=macosx*]" = "@executable_path/../Frameworks";
				MACOSX_DEPLOYMENT_TARGET = 15.0;
				MARKETING_VERSION = 1.0;
				PRODUCT_BUNDLE_IDENTIFIER = "fr.uca.iut.swift-UI";
				PRODUCT_NAME = "$(TARGET_NAME)";
				SDKROOT = auto;
				SUPPORTED_PLATFORMS = "iphoneos iphonesimulator macosx xros xrsimulator";
				SWIFT_EMIT_LOC_STRINGS = YES;
				SWIFT_VERSION = 5.0;
				TARGETED_DEVICE_FAMILY = "1,2,7";
				XROS_DEPLOYMENT_TARGET = 2.2;
			};
			name = Release;
		};
		EC956D3D2DD46E43006B7F69 /* Debug */ = {
			isa = XCBuildConfiguration;
			buildSettings = {
				BUNDLE_LOADER = "$(TEST_HOST)";
				CODE_SIGN_STYLE = Automatic;
				CURRENT_PROJECT_VERSION = 1;
				GENERATE_INFOPLIST_FILE = YES;
				IPHONEOS_DEPLOYMENT_TARGET = 18.2;
				MACOSX_DEPLOYMENT_TARGET = 15.0;
				MARKETING_VERSION = 1.0;
				PRODUCT_BUNDLE_IDENTIFIER = "fr.uca.iut.swift-UITests";
				PRODUCT_NAME = "$(TARGET_NAME)";
				SDKROOT = auto;
				SUPPORTED_PLATFORMS = "iphoneos iphonesimulator macosx xros xrsimulator";
				SWIFT_EMIT_LOC_STRINGS = NO;
				SWIFT_VERSION = 5.0;
				TARGETED_DEVICE_FAMILY = "1,2,7";
				TEST_HOST = "$(BUILT_PRODUCTS_DIR)/swift_UI.app/$(BUNDLE_EXECUTABLE_FOLDER_PATH)/swift_UI";
				XROS_DEPLOYMENT_TARGET = 2.2;
			};
			name = Debug;
		};
		EC956D3E2DD46E43006B7F69 /* Release */ = {
			isa = XCBuildConfiguration;
			buildSettings = {
				BUNDLE_LOADER = "$(TEST_HOST)";
				CODE_SIGN_STYLE = Automatic;
				CURRENT_PROJECT_VERSION = 1;
				GENERATE_INFOPLIST_FILE = YES;
				IPHONEOS_DEPLOYMENT_TARGET = 18.2;
				MACOSX_DEPLOYMENT_TARGET = 15.0;
				MARKETING_VERSION = 1.0;
				PRODUCT_BUNDLE_IDENTIFIER = "fr.uca.iut.swift-UITests";
				PRODUCT_NAME = "$(TARGET_NAME)";
				SDKROOT = auto;
				SUPPORTED_PLATFORMS = "iphoneos iphonesimulator macosx xros xrsimulator";
				SWIFT_EMIT_LOC_STRINGS = NO;
				SWIFT_VERSION = 5.0;
				TARGETED_DEVICE_FAMILY = "1,2,7";
				TEST_HOST = "$(BUILT_PRODUCTS_DIR)/swift_UI.app/$(BUNDLE_EXECUTABLE_FOLDER_PATH)/swift_UI";
				XROS_DEPLOYMENT_TARGET = 2.2;
			};
			name = Release;
		};
		EC956D402DD46E43006B7F69 /* Debug */ = {
			isa = XCBuildConfiguration;
			buildSettings = {
				CODE_SIGN_STYLE = Automatic;
				CURRENT_PROJECT_VERSION = 1;
				GENERATE_INFOPLIST_FILE = YES;
				IPHONEOS_DEPLOYMENT_TARGET = 18.2;
				MACOSX_DEPLOYMENT_TARGET = 15.0;
				MARKETING_VERSION = 1.0;
				PRODUCT_BUNDLE_IDENTIFIER = "fr.uca.iut.swift-UIUITests";
				PRODUCT_NAME = "$(TARGET_NAME)";
				SDKROOT = auto;
				SUPPORTED_PLATFORMS = "iphoneos iphonesimulator macosx xros xrsimulator";
				SWIFT_EMIT_LOC_STRINGS = NO;
				SWIFT_VERSION = 5.0;
				TARGETED_DEVICE_FAMILY = "1,2,7";
				TEST_TARGET_NAME = swift_UI;
				XROS_DEPLOYMENT_TARGET = 2.2;
			};
			name = Debug;
		};
		EC956D412DD46E43006B7F69 /* Release */ = {
			isa = XCBuildConfiguration;
			buildSettings = {
				CODE_SIGN_STYLE = Automatic;
				CURRENT_PROJECT_VERSION = 1;
				GENERATE_INFOPLIST_FILE = YES;
				IPHONEOS_DEPLOYMENT_TARGET = 18.2;
				MACOSX_DEPLOYMENT_TARGET = 15.0;
				MARKETING_VERSION = 1.0;
				PRODUCT_BUNDLE_IDENTIFIER = "fr.uca.iut.swift-UIUITests";
				PRODUCT_NAME = "$(TARGET_NAME)";
				SDKROOT = auto;
				SUPPORTED_PLATFORMS = "iphoneos iphonesimulator macosx xros xrsimulator";
				SWIFT_EMIT_LOC_STRINGS = NO;
				SWIFT_VERSION = 5.0;
				TARGETED_DEVICE_FAMILY = "1,2,7";
				TEST_TARGET_NAME = swift_UI;
				XROS_DEPLOYMENT_TARGET = 2.2;
			};
			name = Release;
		};
/* End XCBuildConfiguration section */

/* Begin XCConfigurationList section */
		EC956D0F2DD46E42006B7F69 /* Build configuration list for PBXProject "swift_UI" */ = {
			isa = XCConfigurationList;
			buildConfigurations = (
				EC956D372DD46E43006B7F69 /* Debug */,
				EC956D382DD46E43006B7F69 /* Release */,
			);
			defaultConfigurationIsVisible = 0;
			defaultConfigurationName = Release;
		};
		EC956D392DD46E43006B7F69 /* Build configuration list for PBXNativeTarget "swift_UI" */ = {
			isa = XCConfigurationList;
			buildConfigurations = (
				EC956D3A2DD46E43006B7F69 /* Debug */,
				EC956D3B2DD46E43006B7F69 /* Release */,
			);
			defaultConfigurationIsVisible = 0;
			defaultConfigurationName = Release;
		};
		EC956D3C2DD46E43006B7F69 /* Build configuration list for PBXNativeTarget "swift_UITests" */ = {
			isa = XCConfigurationList;
			buildConfigurations = (
				EC956D3D2DD46E43006B7F69 /* Debug */,
				EC956D3E2DD46E43006B7F69 /* Release */,
			);
			defaultConfigurationIsVisible = 0;
			defaultConfigurationName = Release;
		};
		EC956D3F2DD46E43006B7F69 /* Build configuration list for PBXNativeTarget "swift_UIUITests" */ = {
			isa = XCConfigurationList;
			buildConfigurations = (
				EC956D402DD46E43006B7F69 /* Debug */,
				EC956D412DD46E43006B7F69 /* Release */,
			);
			defaultConfigurationIsVisible = 0;
			defaultConfigurationName = Release;
		};
/* End XCConfigurationList section */
	};
	rootObject = EC956D0C2DD46E42006B7F69 /* Project object */;
}
